
Microsoft Visual Studio Solution File, Format Version 12.00
# Visual Studio Version 17
VisualStudioVersion = 17.3.32825.248
MinimumVisualStudioVersion = 10.0.40219.1
Project("{FAE04EC0-301F-11D3-BF4B-00C04F79EFBC}") = "MvcMovie", "MvcMovie\MvcMovie.csproj", "{8F34A59E-F60A-4278-B912-57D887AA247E}"
EndProject
Global
	GlobalSection(SolutionConfigurationPlatforms) = preSolution
		Debug|Any CPU = Debug|Any CPU
		Release|Any CPU = Release|Any CPU
	EndGlobalSection
	GlobalSection(ProjectConfigurationPlatforms) = postSolution
		{8F34A59E-F60A-4278-B912-57D887AA247E}.Debug|Any CPU.ActiveCfg = Debug|Any CPU
		{8F34A59E-F60A-4278-B912-57D887AA247E}.Debug|Any CPU.Build.0 = Debug|Any CPU
		{8F34A59E-F60A-4278-B912-57D887AA247E}.Release|Any CPU.ActiveCfg = Release|Any CPU
		{8F34A59E-F60A-4278-B912-57D887AA247E}.Release|Any CPU.Build.0 = Release|Any CPU
	EndGlobalSection
	GlobalSection(SolutionProperties) = preSolution
		HideSolutionNode = FALSE
	EndGlobalSection
	GlobalSection(ExtensibilityGlobals) = postSolution
		SolutionGuid = {489544D2-8BB8-4BEC-A19A-04CD56435275}
	EndGlobalSection
EndGlobal
